{
  "name": "NodeJS",
  "lockfileVersion": 3,
  "requires": true,
  "packages": {
    "": {
      "dependencies": {
        "picnic": "^7.1.0"
      }
    },
    "node_modules/picnic": {
      "version": "7.1.0",
      "resolved": "https://registry.npmjs.org/picnic/-/picnic-7.1.0.tgz",
      "integrity": "sha512-OFoJClCDSaCnavs7QZPMIIjrodUO8m6V+GBNOWaIN4kk3IjzSAd2kp/RfkpZRwXK2u71q5mJ3UQaQjHJRr3dnw==",
      "engines": {
        "node": ">=4.0.0"
      },
      "funding": {
        "url": "https://www.paypal.me/franciscopresencia/19"
      }
    }
  }
}
